
Microsoft Visual Studio Solution File, Format Version 12.00
# Visual Studio Version 16
VisualStudioVersion = 16.0.30907.101
MinimumVisualStudioVersion = 10.0.40219.1
Project("{FAE04EC0-301F-11D3-BF4B-00C04F79EFBC}") = "Assignment_Three", "Assignment_Three\Assignment_Three.csproj", "{CE6F586A-5BD3-4F28-A798-77238CD796C0}"
EndProject
Global
	GlobalSection(SolutionConfigurationPlatforms) = preSolution
		Debug|Any CPU = Debug|Any CPU
		Release|Any CPU = Release|Any CPU
	EndGlobalSection
	GlobalSection(ProjectConfigurationPlatforms) = postSolution
		{CE6F586A-5BD3-4F28-A798-77238CD796C0}.Debug|Any CPU.ActiveCfg = Debug|Any CPU
		{CE6F586A-5BD3-4F28-A798-77238CD796C0}.Debug|Any CPU.Build.0 = Debug|Any CPU
		{CE6F586A-5BD3-4F28-A798-77238CD796C0}.Release|Any CPU.ActiveCfg = Release|Any CPU
		{CE6F586A-5BD3-4F28-A798-77238CD796C0}.Release|Any CPU.Build.0 = Release|Any CPU
	EndGlobalSection
	GlobalSection(SolutionProperties) = preSolution
		HideSolutionNode = FALSE
	EndGlobalSection
	GlobalSection(ExtensibilityGlobals) = postSolution
		SolutionGuid = {CC827D44-64C9-49C9-BE86-C2E7592B6845}
	EndGlobalSection
EndGlobal
