
Microsoft Visual Studio Solution File, Format Version 12.00
# Visual Studio Version 16
VisualStudioVersion = 16.0.30907.101
MinimumVisualStudioVersion = 10.0.40219.1
Project("{FAE04EC0-301F-11D3-BF4B-00C04F79EFBC}") = "Assignment_24", "Assignment_24\Assignment_24.csproj", "{5C856771-0D90-4D69-9E74-7120D8F8B89D}"
EndProject
Global
	GlobalSection(SolutionConfigurationPlatforms) = preSolution
		Debug|Any CPU = Debug|Any CPU
		Release|Any CPU = Release|Any CPU
	EndGlobalSection
	GlobalSection(ProjectConfigurationPlatforms) = postSolution
		{5C856771-0D90-4D69-9E74-7120D8F8B89D}.Debug|Any CPU.ActiveCfg = Debug|Any CPU
		{5C856771-0D90-4D69-9E74-7120D8F8B89D}.Debug|Any CPU.Build.0 = Debug|Any CPU
		{5C856771-0D90-4D69-9E74-7120D8F8B89D}.Release|Any CPU.ActiveCfg = Release|Any CPU
		{5C856771-0D90-4D69-9E74-7120D8F8B89D}.Release|Any CPU.Build.0 = Release|Any CPU
	EndGlobalSection
	GlobalSection(SolutionProperties) = preSolution
		HideSolutionNode = FALSE
	EndGlobalSection
	GlobalSection(ExtensibilityGlobals) = postSolution
		SolutionGuid = {FB1B1B75-4A22-4AF2-A5C5-07F97C73E372}
	EndGlobalSection
EndGlobal
