
Microsoft Visual Studio Solution File, Format Version 12.00
# Visual Studio Version 16
VisualStudioVersion = 16.0.30907.101
MinimumVisualStudioVersion = 10.0.40219.1
Project("{FAE04EC0-301F-11D3-BF4B-00C04F79EFBC}") = "Assignment_22", "Assignment_22\Assignment_22.csproj", "{70E72157-027E-45A9-A9E0-CBF7DD68FD6C}"
EndProject
Global
	GlobalSection(SolutionConfigurationPlatforms) = preSolution
		Debug|Any CPU = Debug|Any CPU
		Release|Any CPU = Release|Any CPU
	EndGlobalSection
	GlobalSection(ProjectConfigurationPlatforms) = postSolution
		{70E72157-027E-45A9-A9E0-CBF7DD68FD6C}.Debug|Any CPU.ActiveCfg = Debug|Any CPU
		{70E72157-027E-45A9-A9E0-CBF7DD68FD6C}.Debug|Any CPU.Build.0 = Debug|Any CPU
		{70E72157-027E-45A9-A9E0-CBF7DD68FD6C}.Release|Any CPU.ActiveCfg = Release|Any CPU
		{70E72157-027E-45A9-A9E0-CBF7DD68FD6C}.Release|Any CPU.Build.0 = Release|Any CPU
	EndGlobalSection
	GlobalSection(SolutionProperties) = preSolution
		HideSolutionNode = FALSE
	EndGlobalSection
	GlobalSection(ExtensibilityGlobals) = postSolution
		SolutionGuid = {0428864E-2CD4-4516-9D3A-2940E5ACED0F}
	EndGlobalSection
EndGlobal
