
Microsoft Visual Studio Solution File, Format Version 12.00
# Visual Studio Version 16
VisualStudioVersion = 16.0.30907.101
MinimumVisualStudioVersion = 10.0.40219.1
Project("{FAE04EC0-301F-11D3-BF4B-00C04F79EFBC}") = "CodeFirst", "CodeFirst\CodeFirst.csproj", "{59F13E13-16E2-451E-871F-7623B51C4DCA}"
EndProject
Global
	GlobalSection(SolutionConfigurationPlatforms) = preSolution
		Debug|Any CPU = Debug|Any CPU
		Release|Any CPU = Release|Any CPU
	EndGlobalSection
	GlobalSection(ProjectConfigurationPlatforms) = postSolution
		{59F13E13-16E2-451E-871F-7623B51C4DCA}.Debug|Any CPU.ActiveCfg = Debug|Any CPU
		{59F13E13-16E2-451E-871F-7623B51C4DCA}.Debug|Any CPU.Build.0 = Debug|Any CPU
		{59F13E13-16E2-451E-871F-7623B51C4DCA}.Release|Any CPU.ActiveCfg = Release|Any CPU
		{59F13E13-16E2-451E-871F-7623B51C4DCA}.Release|Any CPU.Build.0 = Release|Any CPU
	EndGlobalSection
	GlobalSection(SolutionProperties) = preSolution
		HideSolutionNode = FALSE
	EndGlobalSection
	GlobalSection(ExtensibilityGlobals) = postSolution
		SolutionGuid = {FF5DD0DE-6DFB-4E2A-9427-FD29BA24CB3B}
	EndGlobalSection
EndGlobal
