
Microsoft Visual Studio Solution File, Format Version 12.00
# Visual Studio Version 16
VisualStudioVersion = 16.0.30907.101
MinimumVisualStudioVersion = 10.0.40219.1
Project("{FAE04EC0-301F-11D3-BF4B-00C04F79EFBC}") = "Assignment_23", "Assignment_23\Assignment_23.csproj", "{202876A7-9860-4D65-8755-8A40B8BA6F01}"
EndProject
Global
	GlobalSection(SolutionConfigurationPlatforms) = preSolution
		Debug|Any CPU = Debug|Any CPU
		Release|Any CPU = Release|Any CPU
	EndGlobalSection
	GlobalSection(ProjectConfigurationPlatforms) = postSolution
		{202876A7-9860-4D65-8755-8A40B8BA6F01}.Debug|Any CPU.ActiveCfg = Debug|Any CPU
		{202876A7-9860-4D65-8755-8A40B8BA6F01}.Debug|Any CPU.Build.0 = Debug|Any CPU
		{202876A7-9860-4D65-8755-8A40B8BA6F01}.Release|Any CPU.ActiveCfg = Release|Any CPU
		{202876A7-9860-4D65-8755-8A40B8BA6F01}.Release|Any CPU.Build.0 = Release|Any CPU
	EndGlobalSection
	GlobalSection(SolutionProperties) = preSolution
		HideSolutionNode = FALSE
	EndGlobalSection
	GlobalSection(ExtensibilityGlobals) = postSolution
		SolutionGuid = {88CAA936-E5EF-41E9-853E-44D5FD82628E}
	EndGlobalSection
EndGlobal
